
Microsoft Visual Studio Solution File, Format Version 12.00
# Visual Studio Version 16
VisualStudioVersion = 16.0.31729.503
MinimumVisualStudioVersion = 10.0.40219.1
Project("{FAE04EC0-301F-11D3-BF4B-00C04F79EFBC}") = "POO_Personas.Datos", "POO_Personas.Datos\POO_Personas.Datos.csproj", "{8F950238-AB44-4B3D-8734-F7366A749FF5}"
EndProject
Project("{FAE04EC0-301F-11D3-BF4B-00C04F79EFBC}") = "POO_Personas.Entidades", "POO_Personas.Entidades\POO_Personas.Entidades.csproj", "{C8AA3EFE-4D89-446F-ACFC-5640D6347A40}"
EndProject
Project("{FAE04EC0-301F-11D3-BF4B-00C04F79EFBC}") = "POO_Personas.Windows", "POO_Personas.Windows\POO_Personas.Windows.csproj", "{11D44149-E9F0-43A8-AEE0-F29EE31D6404}"
EndProject
Global
	GlobalSection(SolutionConfigurationPlatforms) = preSolution
		Debug|Any CPU = Debug|Any CPU
		Release|Any CPU = Release|Any CPU
	EndGlobalSection
	GlobalSection(ProjectConfigurationPlatforms) = postSolution
		{8F950238-AB44-4B3D-8734-F7366A749FF5}.Debug|Any CPU.ActiveCfg = Debug|Any CPU
		{8F950238-AB44-4B3D-8734-F7366A749FF5}.Debug|Any CPU.Build.0 = Debug|Any CPU
		{8F950238-AB44-4B3D-8734-F7366A749FF5}.Release|Any CPU.ActiveCfg = Release|Any CPU
		{8F950238-AB44-4B3D-8734-F7366A749FF5}.Release|Any CPU.Build.0 = Release|Any CPU
		{C8AA3EFE-4D89-446F-ACFC-5640D6347A40}.Debug|Any CPU.ActiveCfg = Debug|Any CPU
		{C8AA3EFE-4D89-446F-ACFC-5640D6347A40}.Debug|Any CPU.Build.0 = Debug|Any CPU
		{C8AA3EFE-4D89-446F-ACFC-5640D6347A40}.Release|Any CPU.ActiveCfg = Release|Any CPU
		{C8AA3EFE-4D89-446F-ACFC-5640D6347A40}.Release|Any CPU.Build.0 = Release|Any CPU
		{11D44149-E9F0-43A8-AEE0-F29EE31D6404}.Debug|Any CPU.ActiveCfg = Debug|Any CPU
		{11D44149-E9F0-43A8-AEE0-F29EE31D6404}.Debug|Any CPU.Build.0 = Debug|Any CPU
		{11D44149-E9F0-43A8-AEE0-F29EE31D6404}.Release|Any CPU.ActiveCfg = Release|Any CPU
		{11D44149-E9F0-43A8-AEE0-F29EE31D6404}.Release|Any CPU.Build.0 = Release|Any CPU
	EndGlobalSection
	GlobalSection(SolutionProperties) = preSolution
		HideSolutionNode = FALSE
	EndGlobalSection
	GlobalSection(ExtensibilityGlobals) = postSolution
		SolutionGuid = {A250ADDE-4D35-41CB-B789-484F56D911FF}
	EndGlobalSection
EndGlobal
